
Microsoft Visual Studio Solution File, Format Version 12.00
# Visual Studio 15
VisualStudioVersion = 15.0.26430.15
MinimumVisualStudioVersion = 15.0.26124.0
Project("{2150E333-8FDC-42A3-9474-1A3956D46DE8}") = "Solution Items", "Solution Items", "{78DA487A-68D1-4D66-A2BE-1AA1FC721F3D}"
	ProjectSection(SolutionItems) = preProject
		.gitignore = .gitignore
		NuGet.Config = NuGet.Config
		README.md = README.md
	EndProjectSection
EndProject
Project("{2150E333-8FDC-42A3-9474-1A3956D46DE8}") = "src", "src", "{658D5E54-F7DE-4CB1-ABE0-497F6CFC61A3}"
EndProject
Project("{2150E333-8FDC-42A3-9474-1A3956D46DE8}") = "tests", "tests", "{D31CC576-DC0B-47BB-B188-FA50B40F6CC1}"
EndProject
Project("{FAE04EC0-301F-11D3-BF4B-00C04F79EFBC}") = "BlueNebula.Common", "src\BlueNebula.Common\BlueNebula.Common.csproj", "{B7398717-552C-4D67-8195-3DEBCAA4C6F1}"
EndProject
Global
	GlobalSection(SolutionConfigurationPlatforms) = preSolution
		Debug|Any CPU = Debug|Any CPU
		Debug|x64 = Debug|x64
		Debug|x86 = Debug|x86
		Release|Any CPU = Release|Any CPU
		Release|x64 = Release|x64
		Release|x86 = Release|x86
	EndGlobalSection
	GlobalSection(ProjectConfigurationPlatforms) = postSolution
		{B7398717-552C-4D67-8195-3DEBCAA4C6F1}.Debug|Any CPU.ActiveCfg = Debug|Any CPU
		{B7398717-552C-4D67-8195-3DEBCAA4C6F1}.Debug|Any CPU.Build.0 = Debug|Any CPU
		{B7398717-552C-4D67-8195-3DEBCAA4C6F1}.Debug|x64.ActiveCfg = Debug|Any CPU
		{B7398717-552C-4D67-8195-3DEBCAA4C6F1}.Debug|x64.Build.0 = Debug|Any CPU
		{B7398717-552C-4D67-8195-3DEBCAA4C6F1}.Debug|x86.ActiveCfg = Debug|Any CPU
		{B7398717-552C-4D67-8195-3DEBCAA4C6F1}.Debug|x86.Build.0 = Debug|Any CPU
		{B7398717-552C-4D67-8195-3DEBCAA4C6F1}.Release|Any CPU.ActiveCfg = Release|Any CPU
		{B7398717-552C-4D67-8195-3DEBCAA4C6F1}.Release|Any CPU.Build.0 = Release|Any CPU
		{B7398717-552C-4D67-8195-3DEBCAA4C6F1}.Release|x64.ActiveCfg = Release|Any CPU
		{B7398717-552C-4D67-8195-3DEBCAA4C6F1}.Release|x64.Build.0 = Release|Any CPU
		{B7398717-552C-4D67-8195-3DEBCAA4C6F1}.Release|x86.ActiveCfg = Release|Any CPU
		{B7398717-552C-4D67-8195-3DEBCAA4C6F1}.Release|x86.Build.0 = Release|Any CPU
	EndGlobalSection
	GlobalSection(SolutionProperties) = preSolution
		HideSolutionNode = FALSE
	EndGlobalSection
	GlobalSection(NestedProjects) = preSolution
		{B7398717-552C-4D67-8195-3DEBCAA4C6F1} = {658D5E54-F7DE-4CB1-ABE0-497F6CFC61A3}
	EndGlobalSection
EndGlobal
